github.com/aymerick/douceur v0.2.0 h1:Mv+mAeH1Q+n9Fr+oyamOlAkUNPWPlA8PPGR0QAaYuPk=
github.com/aymerick/douceur v0.2.0/go.mod h1:wlT5vV2O3h55X9m7iVYN0TBM0NH/MmbLnd30/FjWUq4=
github.com/gomarkdown/markdown v0.0.0-20220817224203-2206187d3406 h1:+8y2dPXzzAipmLQ3ychw8ERVhe2BZlYG3bf/7A5m9qw=
github.com/gomarkdown/markdown v0.0.0-20220817224203-2206187d3406/go.mod h1:JDGcbDT52eL4fju3sZ4TeHGsQwhG9nbDV21aMyhwPoA=
github.com/gorilla/css v1.0.0 h1:BQqNyPTi50JCFMTw/b67hByjMVXZRwGha6wxVGkeihY=
github.com/gorilla/css v1.0.0/go.mod h1:Dn721qIggHpt4+EFCcTLTU/vk5ySda2ReITrtgBl60c=
github.com/matryer/is v1.4.0 h1:sosSmIWwkYITGrxZ25ULNDeKiMNzFSr4V/eqBQP0PeE=
github.com/matryer/is v1.4.0/go.mod h1:8I/i5uYgLzgsgEloJE1U6xx5HkBQpAZvepWuujKwMRU=
github.com/microcosm-cc/bluemonday v1.0.19 h1:OI7hoF5FY4pFz2VA//RN8TfM0YJ2dJcl4P4APrCWy6c=
github.com/microcosm-cc/bluemonday v1.0.19/go.mod h1:QNzV2UbLK2/53oIIwTOyLUSABMkjZ4tqiyC1g/DyqxE=
github.com/segmentio/ksuid v1.0.4 h1:sBo2BdShXjmcugAMwjugoGUdUV0pcxY5mW4xKRn3v4c=
github.com/segmentio/ksuid v1.0.4/go.mod h1:/XUiZBD3kVx5SmUOl55voK5yeAbBNNIed+2O73XgrPE=
golang.org/x/net v0.0.0-20220822230855-b0a4917ee28c h1:JVAXQ10yGGVbSyoer5VILysz6YKjdNT2bsvlayjqhes=
golang.org/x/net v0.0.0-20220822230855-b0a4917ee28c/go.mod h1:YDH+HFinaLZZlnHAfSS6ZXJJ9M9t4Dl22yv3iI2vPwk=
